
Microsoft Visual Studio Solution File, Format Version 12.00
# Visual Studio 15
VisualStudioVersion = 15.0.26730.10
MinimumVisualStudioVersion = 10.0.40219.1
Project("{9A19103F-16F7-4668-BE54-9A1E7A4F7556}") = "WebApplication2", "WebApplication2\WebApplication2.csproj", "{54279776-4DA3-4A6C-AEBB-0F22D5BC9DC4}"
EndProject
Project("{FAE04EC0-301F-11D3-BF4B-00C04F79EFBC}") = "XUnitTestProject", "XUnitTestProject\XUnitTestProject.csproj", "{70A5EBB8-9DAA-4694-81D2-407BCA323527}"
EndProject
Project("{E53339B2-1760-4266-BCC7-CA923CBCF16C}") = "docker-compose", "docker-compose.dcproj", "{F01C4CF7-1FC7-4FB8-9CA7-23F237767B18}"
EndProject
Global
	GlobalSection(SolutionConfigurationPlatforms) = preSolution
		Debug|Any CPU = Debug|Any CPU
		Release|Any CPU = Release|Any CPU
	EndGlobalSection
	GlobalSection(ProjectConfigurationPlatforms) = postSolution
		{54279776-4DA3-4A6C-AEBB-0F22D5BC9DC4}.Debug|Any CPU.ActiveCfg = Debug|Any CPU
		{54279776-4DA3-4A6C-AEBB-0F22D5BC9DC4}.Debug|Any CPU.Build.0 = Debug|Any CPU
		{54279776-4DA3-4A6C-AEBB-0F22D5BC9DC4}.Release|Any CPU.ActiveCfg = Release|Any CPU
		{54279776-4DA3-4A6C-AEBB-0F22D5BC9DC4}.Release|Any CPU.Build.0 = Release|Any CPU
		{70A5EBB8-9DAA-4694-81D2-407BCA323527}.Debug|Any CPU.ActiveCfg = Debug|Any CPU
		{70A5EBB8-9DAA-4694-81D2-407BCA323527}.Debug|Any CPU.Build.0 = Debug|Any CPU
		{70A5EBB8-9DAA-4694-81D2-407BCA323527}.Release|Any CPU.ActiveCfg = Release|Any CPU
		{70A5EBB8-9DAA-4694-81D2-407BCA323527}.Release|Any CPU.Build.0 = Release|Any CPU
		{F01C4CF7-1FC7-4FB8-9CA7-23F237767B18}.Debug|Any CPU.ActiveCfg = Debug|Any CPU
		{F01C4CF7-1FC7-4FB8-9CA7-23F237767B18}.Debug|Any CPU.Build.0 = Debug|Any CPU
		{F01C4CF7-1FC7-4FB8-9CA7-23F237767B18}.Release|Any CPU.ActiveCfg = Release|Any CPU
		{F01C4CF7-1FC7-4FB8-9CA7-23F237767B18}.Release|Any CPU.Build.0 = Release|Any CPU
	EndGlobalSection
	GlobalSection(SolutionProperties) = preSolution
		HideSolutionNode = FALSE
	EndGlobalSection
	GlobalSection(ExtensibilityGlobals) = postSolution
		SolutionGuid = {4B067833-1275-42F9-BA5C-0065680C9664}
	EndGlobalSection
EndGlobal
